
Microsoft Visual Studio Solution File, Format Version 12.00
# Visual Studio Version 17
VisualStudioVersion = 17.0.31903.59
MinimumVisualStudioVersion = 10.0.40219.1
Project("{2150E333-8FDC-42A3-9474-1A3956D46DE8}") = "assignment1", "assignment1", "{30058A4A-2377-4856-4EFF-8268239A08B0}"
EndProject
Project("{FAE04EC0-301F-11D3-BF4B-00C04F79EFBC}") = "homework1", "assignment1\homework1\homework1.csproj", "{C38B1E00-4966-4DA4-ADC8-87008E4027BE}"
EndProject
Project("{2150E333-8FDC-42A3-9474-1A3956D46DE8}") = "assignment2", "assignment2", "{B4CA696D-1B8C-AA3D-BB4F-77D4C32AAB34}"
EndProject
Project("{FAE04EC0-301F-11D3-BF4B-00C04F79EFBC}") = "Prime_Factor", "assignment2\Prime_Factor\Prime_Factor.csproj", "{91608FF0-39AD-484B-8CD5-1BC89119CD6E}"
EndProject
Project("{FAE04EC0-301F-11D3-BF4B-00C04F79EFBC}") = "Array", "assignment2\Array\Array.csproj", "{512E6974-81B4-4E87-B1A1-8217A90B44E5}"
EndProject
Project("{FAE04EC0-301F-11D3-BF4B-00C04F79EFBC}") = "Prime_Number", "assignment2\Prime_Number\Prime_Number.csproj", "{6FF95786-7D79-4FC5-B8EA-B005DC32ACE2}"
EndProject
Project("{FAE04EC0-301F-11D3-BF4B-00C04F79EFBC}") = "Matrix", "assignment2\Matrix\Matrix.csproj", "{4A94329C-E29B-4030-9544-F5FF045A4874}"
EndProject
Project("{2150E333-8FDC-42A3-9474-1A3956D46DE8}") = "assignment3", "assignment3", "{231CF64E-FEFC-5CAC-566E-3B9477115AB1}"
EndProject
Project("{FAE04EC0-301F-11D3-BF4B-00C04F79EFBC}") = "one", "assignment3\one\one.csproj", "{F4D93A3D-7A25-4C85-AF69-50C025AFEE77}"
EndProject
Project("{FAE04EC0-301F-11D3-BF4B-00C04F79EFBC}") = "two", "assignment3\two\two.csproj", "{689B4C37-28C5-4B74-9CD8-8870BB3FF7E9}"
EndProject
Project("{2150E333-8FDC-42A3-9474-1A3956D46DE8}") = "assignment4", "assignment4", "{6D2A3F59-7BE5-5EEE-E4B6-60E880039DEC}"
EndProject
Project("{FAE04EC0-301F-11D3-BF4B-00C04F79EFBC}") = "one", "assignment4\one\one.csproj", "{0D0812EE-88F2-4537-88A3-0D53522F4428}"
EndProject
Project("{FAE04EC0-301F-11D3-BF4B-00C04F79EFBC}") = "two", "assignment4\two\two.csproj", "{2E5445EB-1E5E-40F6-A965-7AAAB5738ABA}"
EndProject
Project("{2150E333-8FDC-42A3-9474-1A3956D46DE8}") = "assignment5", "assignment5", "{5E48A829-0D8A-1937-06E5-3CE1073FC358}"
EndProject
Project("{FAE04EC0-301F-11D3-BF4B-00C04F79EFBC}") = "OrderManagementSystem", "assignment5\OrderManagementSystem\OrderManagementSystem.csproj", "{793E92BF-B504-4AE6-9D71-62EDF180BF7D}"
EndProject
Global
	GlobalSection(SolutionConfigurationPlatforms) = preSolution
		Debug|Any CPU = Debug|Any CPU
		Debug|x64 = Debug|x64
		Debug|x86 = Debug|x86
		Release|Any CPU = Release|Any CPU
		Release|x64 = Release|x64
		Release|x86 = Release|x86
	EndGlobalSection
	GlobalSection(ProjectConfigurationPlatforms) = postSolution
		{C38B1E00-4966-4DA4-ADC8-87008E4027BE}.Debug|Any CPU.ActiveCfg = Debug|Any CPU
		{C38B1E00-4966-4DA4-ADC8-87008E4027BE}.Debug|Any CPU.Build.0 = Debug|Any CPU
		{C38B1E00-4966-4DA4-ADC8-87008E4027BE}.Debug|x64.ActiveCfg = Debug|Any CPU
		{C38B1E00-4966-4DA4-ADC8-87008E4027BE}.Debug|x64.Build.0 = Debug|Any CPU
		{C38B1E00-4966-4DA4-ADC8-87008E4027BE}.Debug|x86.ActiveCfg = Debug|Any CPU
		{C38B1E00-4966-4DA4-ADC8-87008E4027BE}.Debug|x86.Build.0 = Debug|Any CPU
		{C38B1E00-4966-4DA4-ADC8-87008E4027BE}.Release|Any CPU.ActiveCfg = Release|Any CPU
		{C38B1E00-4966-4DA4-ADC8-87008E4027BE}.Release|Any CPU.Build.0 = Release|Any CPU
		{C38B1E00-4966-4DA4-ADC8-87008E4027BE}.Release|x64.ActiveCfg = Release|Any CPU
		{C38B1E00-4966-4DA4-ADC8-87008E4027BE}.Release|x64.Build.0 = Release|Any CPU
		{C38B1E00-4966-4DA4-ADC8-87008E4027BE}.Release|x86.ActiveCfg = Release|Any CPU
		{C38B1E00-4966-4DA4-ADC8-87008E4027BE}.Release|x86.Build.0 = Release|Any CPU
		{91608FF0-39AD-484B-8CD5-1BC89119CD6E}.Debug|Any CPU.ActiveCfg = Debug|Any CPU
		{91608FF0-39AD-484B-8CD5-1BC89119CD6E}.Debug|Any CPU.Build.0 = Debug|Any CPU
		{91608FF0-39AD-484B-8CD5-1BC89119CD6E}.Debug|x64.ActiveCfg = Debug|Any CPU
		{91608FF0-39AD-484B-8CD5-1BC89119CD6E}.Debug|x64.Build.0 = Debug|Any CPU
		{91608FF0-39AD-484B-8CD5-1BC89119CD6E}.Debug|x86.ActiveCfg = Debug|Any CPU
		{91608FF0-39AD-484B-8CD5-1BC89119CD6E}.Debug|x86.Build.0 = Debug|Any CPU
		{91608FF0-39AD-484B-8CD5-1BC89119CD6E}.Release|Any CPU.ActiveCfg = Release|Any CPU
		{91608FF0-39AD-484B-8CD5-1BC89119CD6E}.Release|Any CPU.Build.0 = Release|Any CPU
		{91608FF0-39AD-484B-8CD5-1BC89119CD6E}.Release|x64.ActiveCfg = Release|Any CPU
		{91608FF0-39AD-484B-8CD5-1BC89119CD6E}.Release|x64.Build.0 = Release|Any CPU
		{91608FF0-39AD-484B-8CD5-1BC89119CD6E}.Release|x86.ActiveCfg = Release|Any CPU
		{91608FF0-39AD-484B-8CD5-1BC89119CD6E}.Release|x86.Build.0 = Release|Any CPU
		{512E6974-81B4-4E87-B1A1-8217A90B44E5}.Debug|Any CPU.ActiveCfg = Debug|Any CPU
		{512E6974-81B4-4E87-B1A1-8217A90B44E5}.Debug|Any CPU.Build.0 = Debug|Any CPU
		{512E6974-81B4-4E87-B1A1-8217A90B44E5}.Debug|x64.ActiveCfg = Debug|Any CPU
		{512E6974-81B4-4E87-B1A1-8217A90B44E5}.Debug|x64.Build.0 = Debug|Any CPU
		{512E6974-81B4-4E87-B1A1-8217A90B44E5}.Debug|x86.ActiveCfg = Debug|Any CPU
		{512E6974-81B4-4E87-B1A1-8217A90B44E5}.Debug|x86.Build.0 = Debug|Any CPU
		{512E6974-81B4-4E87-B1A1-8217A90B44E5}.Release|Any CPU.ActiveCfg = Release|Any CPU
		{512E6974-81B4-4E87-B1A1-8217A90B44E5}.Release|Any CPU.Build.0 = Release|Any CPU
		{512E6974-81B4-4E87-B1A1-8217A90B44E5}.Release|x64.ActiveCfg = Release|Any CPU
		{512E6974-81B4-4E87-B1A1-8217A90B44E5}.Release|x64.Build.0 = Release|Any CPU
		{512E6974-81B4-4E87-B1A1-8217A90B44E5}.Release|x86.ActiveCfg = Release|Any CPU
		{512E6974-81B4-4E87-B1A1-8217A90B44E5}.Release|x86.Build.0 = Release|Any CPU
		{6FF95786-7D79-4FC5-B8EA-B005DC32ACE2}.Debug|Any CPU.ActiveCfg = Debug|Any CPU
		{6FF95786-7D79-4FC5-B8EA-B005DC32ACE2}.Debug|Any CPU.Build.0 = Debug|Any CPU
		{6FF95786-7D79-4FC5-B8EA-B005DC32ACE2}.Debug|x64.ActiveCfg = Debug|Any CPU
		{6FF95786-7D79-4FC5-B8EA-B005DC32ACE2}.Debug|x64.Build.0 = Debug|Any CPU
		{6FF95786-7D79-4FC5-B8EA-B005DC32ACE2}.Debug|x86.ActiveCfg = Debug|Any CPU
		{6FF95786-7D79-4FC5-B8EA-B005DC32ACE2}.Debug|x86.Build.0 = Debug|Any CPU
		{6FF95786-7D79-4FC5-B8EA-B005DC32ACE2}.Release|Any CPU.ActiveCfg = Release|Any CPU
		{6FF95786-7D79-4FC5-B8EA-B005DC32ACE2}.Release|Any CPU.Build.0 = Release|Any CPU
		{6FF95786-7D79-4FC5-B8EA-B005DC32ACE2}.Release|x64.ActiveCfg = Release|Any CPU
		{6FF95786-7D79-4FC5-B8EA-B005DC32ACE2}.Release|x64.Build.0 = Release|Any CPU
		{6FF95786-7D79-4FC5-B8EA-B005DC32ACE2}.Release|x86.ActiveCfg = Release|Any CPU
		{6FF95786-7D79-4FC5-B8EA-B005DC32ACE2}.Release|x86.Build.0 = Release|Any CPU
		{4A94329C-E29B-4030-9544-F5FF045A4874}.Debug|Any CPU.ActiveCfg = Debug|Any CPU
		{4A94329C-E29B-4030-9544-F5FF045A4874}.Debug|Any CPU.Build.0 = Debug|Any CPU
		{4A94329C-E29B-4030-9544-F5FF045A4874}.Debug|x64.ActiveCfg = Debug|Any CPU
		{4A94329C-E29B-4030-9544-F5FF045A4874}.Debug|x64.Build.0 = Debug|Any CPU
		{4A94329C-E29B-4030-9544-F5FF045A4874}.Debug|x86.ActiveCfg = Debug|Any CPU
		{4A94329C-E29B-4030-9544-F5FF045A4874}.Debug|x86.Build.0 = Debug|Any CPU
		{4A94329C-E29B-4030-9544-F5FF045A4874}.Release|Any CPU.ActiveCfg = Release|Any CPU
		{4A94329C-E29B-4030-9544-F5FF045A4874}.Release|Any CPU.Build.0 = Release|Any CPU
		{4A94329C-E29B-4030-9544-F5FF045A4874}.Release|x64.ActiveCfg = Release|Any CPU
		{4A94329C-E29B-4030-9544-F5FF045A4874}.Release|x64.Build.0 = Release|Any CPU
		{4A94329C-E29B-4030-9544-F5FF045A4874}.Release|x86.ActiveCfg = Release|Any CPU
		{4A94329C-E29B-4030-9544-F5FF045A4874}.Release|x86.Build.0 = Release|Any CPU
		{F4D93A3D-7A25-4C85-AF69-50C025AFEE77}.Debug|Any CPU.ActiveCfg = Debug|Any CPU
		{F4D93A3D-7A25-4C85-AF69-50C025AFEE77}.Debug|Any CPU.Build.0 = Debug|Any CPU
		{F4D93A3D-7A25-4C85-AF69-50C025AFEE77}.Debug|x64.ActiveCfg = Debug|Any CPU
		{F4D93A3D-7A25-4C85-AF69-50C025AFEE77}.Debug|x64.Build.0 = Debug|Any CPU
		{F4D93A3D-7A25-4C85-AF69-50C025AFEE77}.Debug|x86.ActiveCfg = Debug|Any CPU
		{F4D93A3D-7A25-4C85-AF69-50C025AFEE77}.Debug|x86.Build.0 = Debug|Any CPU
		{F4D93A3D-7A25-4C85-AF69-50C025AFEE77}.Release|Any CPU.ActiveCfg = Release|Any CPU
		{F4D93A3D-7A25-4C85-AF69-50C025AFEE77}.Release|Any CPU.Build.0 = Release|Any CPU
		{F4D93A3D-7A25-4C85-AF69-50C025AFEE77}.Release|x64.ActiveCfg = Release|Any CPU
		{F4D93A3D-7A25-4C85-AF69-50C025AFEE77}.Release|x64.Build.0 = Release|Any CPU
		{F4D93A3D-7A25-4C85-AF69-50C025AFEE77}.Release|x86.ActiveCfg = Release|Any CPU
		{F4D93A3D-7A25-4C85-AF69-50C025AFEE77}.Release|x86.Build.0 = Release|Any CPU
		{689B4C37-28C5-4B74-9CD8-8870BB3FF7E9}.Debug|Any CPU.ActiveCfg = Debug|Any CPU
		{689B4C37-28C5-4B74-9CD8-8870BB3FF7E9}.Debug|Any CPU.Build.0 = Debug|Any CPU
		{689B4C37-28C5-4B74-9CD8-8870BB3FF7E9}.Debug|x64.ActiveCfg = Debug|Any CPU
		{689B4C37-28C5-4B74-9CD8-8870BB3FF7E9}.Debug|x64.Build.0 = Debug|Any CPU
		{689B4C37-28C5-4B74-9CD8-8870BB3FF7E9}.Debug|x86.ActiveCfg = Debug|Any CPU
		{689B4C37-28C5-4B74-9CD8-8870BB3FF7E9}.Debug|x86.Build.0 = Debug|Any CPU
		{689B4C37-28C5-4B74-9CD8-8870BB3FF7E9}.Release|Any CPU.ActiveCfg = Release|Any CPU
		{689B4C37-28C5-4B74-9CD8-8870BB3FF7E9}.Release|Any CPU.Build.0 = Release|Any CPU
		{689B4C37-28C5-4B74-9CD8-8870BB3FF7E9}.Release|x64.ActiveCfg = Release|Any CPU
		{689B4C37-28C5-4B74-9CD8-8870BB3FF7E9}.Release|x64.Build.0 = Release|Any CPU
		{689B4C37-28C5-4B74-9CD8-8870BB3FF7E9}.Release|x86.ActiveCfg = Release|Any CPU
		{689B4C37-28C5-4B74-9CD8-8870BB3FF7E9}.Release|x86.Build.0 = Release|Any CPU
		{0D0812EE-88F2-4537-88A3-0D53522F4428}.Debug|Any CPU.ActiveCfg = Debug|Any CPU
		{0D0812EE-88F2-4537-88A3-0D53522F4428}.Debug|Any CPU.Build.0 = Debug|Any CPU
		{0D0812EE-88F2-4537-88A3-0D53522F4428}.Debug|x64.ActiveCfg = Debug|Any CPU
		{0D0812EE-88F2-4537-88A3-0D53522F4428}.Debug|x64.Build.0 = Debug|Any CPU
		{0D0812EE-88F2-4537-88A3-0D53522F4428}.Debug|x86.ActiveCfg = Debug|Any CPU
		{0D0812EE-88F2-4537-88A3-0D53522F4428}.Debug|x86.Build.0 = Debug|Any CPU
		{0D0812EE-88F2-4537-88A3-0D53522F4428}.Release|Any CPU.ActiveCfg = Release|Any CPU
		{0D0812EE-88F2-4537-88A3-0D53522F4428}.Release|Any CPU.Build.0 = Release|Any CPU
		{0D0812EE-88F2-4537-88A3-0D53522F4428}.Release|x64.ActiveCfg = Release|Any CPU
		{0D0812EE-88F2-4537-88A3-0D53522F4428}.Release|x64.Build.0 = Release|Any CPU
		{0D0812EE-88F2-4537-88A3-0D53522F4428}.Release|x86.ActiveCfg = Release|Any CPU
		{0D0812EE-88F2-4537-88A3-0D53522F4428}.Release|x86.Build.0 = Release|Any CPU
		{2E5445EB-1E5E-40F6-A965-7AAAB5738ABA}.Debug|Any CPU.ActiveCfg = Debug|Any CPU
		{2E5445EB-1E5E-40F6-A965-7AAAB5738ABA}.Debug|Any CPU.Build.0 = Debug|Any CPU
		{2E5445EB-1E5E-40F6-A965-7AAAB5738ABA}.Debug|x64.ActiveCfg = Debug|Any CPU
		{2E5445EB-1E5E-40F6-A965-7AAAB5738ABA}.Debug|x64.Build.0 = Debug|Any CPU
		{2E5445EB-1E5E-40F6-A965-7AAAB5738ABA}.Debug|x86.ActiveCfg = Debug|Any CPU
		{2E5445EB-1E5E-40F6-A965-7AAAB5738ABA}.Debug|x86.Build.0 = Debug|Any CPU
		{2E5445EB-1E5E-40F6-A965-7AAAB5738ABA}.Release|Any CPU.ActiveCfg = Release|Any CPU
		{2E5445EB-1E5E-40F6-A965-7AAAB5738ABA}.Release|Any CPU.Build.0 = Release|Any CPU
		{2E5445EB-1E5E-40F6-A965-7AAAB5738ABA}.Release|x64.ActiveCfg = Release|Any CPU
		{2E5445EB-1E5E-40F6-A965-7AAAB5738ABA}.Release|x64.Build.0 = Release|Any CPU
		{2E5445EB-1E5E-40F6-A965-7AAAB5738ABA}.Release|x86.ActiveCfg = Release|Any CPU
		{2E5445EB-1E5E-40F6-A965-7AAAB5738ABA}.Release|x86.Build.0 = Release|Any CPU
		{793E92BF-B504-4AE6-9D71-62EDF180BF7D}.Debug|Any CPU.ActiveCfg = Debug|Any CPU
		{793E92BF-B504-4AE6-9D71-62EDF180BF7D}.Debug|Any CPU.Build.0 = Debug|Any CPU
		{793E92BF-B504-4AE6-9D71-62EDF180BF7D}.Debug|x64.ActiveCfg = Debug|Any CPU
		{793E92BF-B504-4AE6-9D71-62EDF180BF7D}.Debug|x64.Build.0 = Debug|Any CPU
		{793E92BF-B504-4AE6-9D71-62EDF180BF7D}.Debug|x86.ActiveCfg = Debug|Any CPU
		{793E92BF-B504-4AE6-9D71-62EDF180BF7D}.Debug|x86.Build.0 = Debug|Any CPU
		{793E92BF-B504-4AE6-9D71-62EDF180BF7D}.Release|Any CPU.ActiveCfg = Release|Any CPU
		{793E92BF-B504-4AE6-9D71-62EDF180BF7D}.Release|Any CPU.Build.0 = Release|Any CPU
		{793E92BF-B504-4AE6-9D71-62EDF180BF7D}.Release|x64.ActiveCfg = Release|Any CPU
		{793E92BF-B504-4AE6-9D71-62EDF180BF7D}.Release|x64.Build.0 = Release|Any CPU
		{793E92BF-B504-4AE6-9D71-62EDF180BF7D}.Release|x86.ActiveCfg = Release|Any CPU
		{793E92BF-B504-4AE6-9D71-62EDF180BF7D}.Release|x86.Build.0 = Release|Any CPU
	EndGlobalSection
	GlobalSection(SolutionProperties) = preSolution
		HideSolutionNode = FALSE
	EndGlobalSection
	GlobalSection(NestedProjects) = preSolution
		{C38B1E00-4966-4DA4-ADC8-87008E4027BE} = {30058A4A-2377-4856-4EFF-8268239A08B0}
		{91608FF0-39AD-484B-8CD5-1BC89119CD6E} = {B4CA696D-1B8C-AA3D-BB4F-77D4C32AAB34}
		{512E6974-81B4-4E87-B1A1-8217A90B44E5} = {B4CA696D-1B8C-AA3D-BB4F-77D4C32AAB34}
		{6FF95786-7D79-4FC5-B8EA-B005DC32ACE2} = {B4CA696D-1B8C-AA3D-BB4F-77D4C32AAB34}
		{4A94329C-E29B-4030-9544-F5FF045A4874} = {B4CA696D-1B8C-AA3D-BB4F-77D4C32AAB34}
		{F4D93A3D-7A25-4C85-AF69-50C025AFEE77} = {231CF64E-FEFC-5CAC-566E-3B9477115AB1}
		{689B4C37-28C5-4B74-9CD8-8870BB3FF7E9} = {231CF64E-FEFC-5CAC-566E-3B9477115AB1}
		{0D0812EE-88F2-4537-88A3-0D53522F4428} = {6D2A3F59-7BE5-5EEE-E4B6-60E880039DEC}
		{2E5445EB-1E5E-40F6-A965-7AAAB5738ABA} = {6D2A3F59-7BE5-5EEE-E4B6-60E880039DEC}
		{793E92BF-B504-4AE6-9D71-62EDF180BF7D} = {5E48A829-0D8A-1937-06E5-3CE1073FC358}
	EndGlobalSection
EndGlobal
