
Microsoft Visual Studio Solution File, Format Version 12.00
# Visual Studio Version 17
VisualStudioVersion = 17.0.31903.59
MinimumVisualStudioVersion = 10.0.40219.1
Project("{2150E333-8FDC-42A3-9474-1A3956D46DE8}") = "assignment1", "assignment1", "{30058A4A-2377-4856-4EFF-8268239A08B0}"
EndProject
Project("{FAE04EC0-301F-11D3-BF4B-00C04F79EFBC}") = "homework1", "assignment1\homework1\homework1.csproj", "{C38B1E00-4966-4DA4-ADC8-87008E4027BE}"
EndProject
Project("{2150E333-8FDC-42A3-9474-1A3956D46DE8}") = "assignment2", "assignment2", "{B4CA696D-1B8C-AA3D-BB4F-77D4C32AAB34}"
EndProject
Project("{FAE04EC0-301F-11D3-BF4B-00C04F79EFBC}") = "Prime_Factor", "assignment2\Prime_Factor\Prime_Factor.csproj", "{91608FF0-39AD-484B-8CD5-1BC89119CD6E}"
EndProject
Project("{FAE04EC0-301F-11D3-BF4B-00C04F79EFBC}") = "Array", "assignment2\Array\Array.csproj", "{512E6974-81B4-4E87-B1A1-8217A90B44E5}"
EndProject
Project("{FAE04EC0-301F-11D3-BF4B-00C04F79EFBC}") = "Prime_Number", "assignment2\Prime_Number\Prime_Number.csproj", "{6FF95786-7D79-4FC5-B8EA-B005DC32ACE2}"
EndProject
Project("{FAE04EC0-301F-11D3-BF4B-00C04F79EFBC}") = "Matrix", "assignment2\Matrix\Matrix.csproj", "{4A94329C-E29B-4030-9544-F5FF045A4874}"
EndProject
Global
	GlobalSection(SolutionConfigurationPlatforms) = preSolution
		Debug|Any CPU = Debug|Any CPU
		Debug|x64 = Debug|x64
		Debug|x86 = Debug|x86
		Release|Any CPU = Release|Any CPU
		Release|x64 = Release|x64
		Release|x86 = Release|x86
	EndGlobalSection
	GlobalSection(ProjectConfigurationPlatforms) = postSolution
		{C38B1E00-4966-4DA4-ADC8-87008E4027BE}.Debug|Any CPU.ActiveCfg = Debug|Any CPU
		{C38B1E00-4966-4DA4-ADC8-87008E4027BE}.Debug|Any CPU.Build.0 = Debug|Any CPU
		{C38B1E00-4966-4DA4-ADC8-87008E4027BE}.Debug|x64.ActiveCfg = Debug|Any CPU
		{C38B1E00-4966-4DA4-ADC8-87008E4027BE}.Debug|x64.Build.0 = Debug|Any CPU
		{C38B1E00-4966-4DA4-ADC8-87008E4027BE}.Debug|x86.ActiveCfg = Debug|Any CPU
		{C38B1E00-4966-4DA4-ADC8-87008E4027BE}.Debug|x86.Build.0 = Debug|Any CPU
		{C38B1E00-4966-4DA4-ADC8-87008E4027BE}.Release|Any CPU.ActiveCfg = Release|Any CPU
		{C38B1E00-4966-4DA4-ADC8-87008E4027BE}.Release|Any CPU.Build.0 = Release|Any CPU
		{C38B1E00-4966-4DA4-ADC8-87008E4027BE}.Release|x64.ActiveCfg = Release|Any CPU
		{C38B1E00-4966-4DA4-ADC8-87008E4027BE}.Release|x64.Build.0 = Release|Any CPU
		{C38B1E00-4966-4DA4-ADC8-87008E4027BE}.Release|x86.ActiveCfg = Release|Any CPU
		{C38B1E00-4966-4DA4-ADC8-87008E4027BE}.Release|x86.Build.0 = Release|Any CPU
		{91608FF0-39AD-484B-8CD5-1BC89119CD6E}.Debug|Any CPU.ActiveCfg = Debug|Any CPU
		{91608FF0-39AD-484B-8CD5-1BC89119CD6E}.Debug|Any CPU.Build.0 = Debug|Any CPU
		{91608FF0-39AD-484B-8CD5-1BC89119CD6E}.Debug|x64.ActiveCfg = Debug|Any CPU
		{91608FF0-39AD-484B-8CD5-1BC89119CD6E}.Debug|x64.Build.0 = Debug|Any CPU
		{91608FF0-39AD-484B-8CD5-1BC89119CD6E}.Debug|x86.ActiveCfg = Debug|Any CPU
		{91608FF0-39AD-484B-8CD5-1BC89119CD6E}.Debug|x86.Build.0 = Debug|Any CPU
		{91608FF0-39AD-484B-8CD5-1BC89119CD6E}.Release|Any CPU.ActiveCfg = Release|Any CPU
		{91608FF0-39AD-484B-8CD5-1BC89119CD6E}.Release|Any CPU.Build.0 = Release|Any CPU
		{91608FF0-39AD-484B-8CD5-1BC89119CD6E}.Release|x64.ActiveCfg = Release|Any CPU
		{91608FF0-39AD-484B-8CD5-1BC89119CD6E}.Release|x64.Build.0 = Release|Any CPU
		{91608FF0-39AD-484B-8CD5-1BC89119CD6E}.Release|x86.ActiveCfg = Release|Any CPU
		{91608FF0-39AD-484B-8CD5-1BC89119CD6E}.Release|x86.Build.0 = Release|Any CPU
		{512E6974-81B4-4E87-B1A1-8217A90B44E5}.Debug|Any CPU.ActiveCfg = Debug|Any CPU
		{512E6974-81B4-4E87-B1A1-8217A90B44E5}.Debug|Any CPU.Build.0 = Debug|Any CPU
		{512E6974-81B4-4E87-B1A1-8217A90B44E5}.Debug|x64.ActiveCfg = Debug|Any CPU
		{512E6974-81B4-4E87-B1A1-8217A90B44E5}.Debug|x64.Build.0 = Debug|Any CPU
		{512E6974-81B4-4E87-B1A1-8217A90B44E5}.Debug|x86.ActiveCfg = Debug|Any CPU
		{512E6974-81B4-4E87-B1A1-8217A90B44E5}.Debug|x86.Build.0 = Debug|Any CPU
		{512E6974-81B4-4E87-B1A1-8217A90B44E5}.Release|Any CPU.ActiveCfg = Release|Any CPU
		{512E6974-81B4-4E87-B1A1-8217A90B44E5}.Release|Any CPU.Build.0 = Release|Any CPU
		{512E6974-81B4-4E87-B1A1-8217A90B44E5}.Release|x64.ActiveCfg = Release|Any CPU
		{512E6974-81B4-4E87-B1A1-8217A90B44E5}.Release|x64.Build.0 = Release|Any CPU
		{512E6974-81B4-4E87-B1A1-8217A90B44E5}.Release|x86.ActiveCfg = Release|Any CPU
		{512E6974-81B4-4E87-B1A1-8217A90B44E5}.Release|x86.Build.0 = Release|Any CPU
		{6FF95786-7D79-4FC5-B8EA-B005DC32ACE2}.Debug|Any CPU.ActiveCfg = Debug|Any CPU
		{6FF95786-7D79-4FC5-B8EA-B005DC32ACE2}.Debug|Any CPU.Build.0 = Debug|Any CPU
		{6FF95786-7D79-4FC5-B8EA-B005DC32ACE2}.Debug|x64.ActiveCfg = Debug|Any CPU
		{6FF95786-7D79-4FC5-B8EA-B005DC32ACE2}.Debug|x64.Build.0 = Debug|Any CPU
		{6FF95786-7D79-4FC5-B8EA-B005DC32ACE2}.Debug|x86.ActiveCfg = Debug|Any CPU
		{6FF95786-7D79-4FC5-B8EA-B005DC32ACE2}.Debug|x86.Build.0 = Debug|Any CPU
		{6FF95786-7D79-4FC5-B8EA-B005DC32ACE2}.Release|Any CPU.ActiveCfg = Release|Any CPU
		{6FF95786-7D79-4FC5-B8EA-B005DC32ACE2}.Release|Any CPU.Build.0 = Release|Any CPU
		{6FF95786-7D79-4FC5-B8EA-B005DC32ACE2}.Release|x64.ActiveCfg = Release|Any CPU
		{6FF95786-7D79-4FC5-B8EA-B005DC32ACE2}.Release|x64.Build.0 = Release|Any CPU
		{6FF95786-7D79-4FC5-B8EA-B005DC32ACE2}.Release|x86.ActiveCfg = Release|Any CPU
		{6FF95786-7D79-4FC5-B8EA-B005DC32ACE2}.Release|x86.Build.0 = Release|Any CPU
		{4A94329C-E29B-4030-9544-F5FF045A4874}.Debug|Any CPU.ActiveCfg = Debug|Any CPU
		{4A94329C-E29B-4030-9544-F5FF045A4874}.Debug|Any CPU.Build.0 = Debug|Any CPU
		{4A94329C-E29B-4030-9544-F5FF045A4874}.Debug|x64.ActiveCfg = Debug|Any CPU
		{4A94329C-E29B-4030-9544-F5FF045A4874}.Debug|x64.Build.0 = Debug|Any CPU
		{4A94329C-E29B-4030-9544-F5FF045A4874}.Debug|x86.ActiveCfg = Debug|Any CPU
		{4A94329C-E29B-4030-9544-F5FF045A4874}.Debug|x86.Build.0 = Debug|Any CPU
		{4A94329C-E29B-4030-9544-F5FF045A4874}.Release|Any CPU.ActiveCfg = Release|Any CPU
		{4A94329C-E29B-4030-9544-F5FF045A4874}.Release|Any CPU.Build.0 = Release|Any CPU
		{4A94329C-E29B-4030-9544-F5FF045A4874}.Release|x64.ActiveCfg = Release|Any CPU
		{4A94329C-E29B-4030-9544-F5FF045A4874}.Release|x64.Build.0 = Release|Any CPU
		{4A94329C-E29B-4030-9544-F5FF045A4874}.Release|x86.ActiveCfg = Release|Any CPU
		{4A94329C-E29B-4030-9544-F5FF045A4874}.Release|x86.Build.0 = Release|Any CPU
	EndGlobalSection
	GlobalSection(SolutionProperties) = preSolution
		HideSolutionNode = FALSE
	EndGlobalSection
	GlobalSection(NestedProjects) = preSolution
		{C38B1E00-4966-4DA4-ADC8-87008E4027BE} = {30058A4A-2377-4856-4EFF-8268239A08B0}
		{91608FF0-39AD-484B-8CD5-1BC89119CD6E} = {B4CA696D-1B8C-AA3D-BB4F-77D4C32AAB34}
		{512E6974-81B4-4E87-B1A1-8217A90B44E5} = {B4CA696D-1B8C-AA3D-BB4F-77D4C32AAB34}
		{6FF95786-7D79-4FC5-B8EA-B005DC32ACE2} = {B4CA696D-1B8C-AA3D-BB4F-77D4C32AAB34}
		{4A94329C-E29B-4030-9544-F5FF045A4874} = {B4CA696D-1B8C-AA3D-BB4F-77D4C32AAB34}
	EndGlobalSection
EndGlobal
