
Microsoft Visual Studio Solution File, Format Version 12.00
# Visual Studio Version 17
VisualStudioVersion = 17.13.35919.96
MinimumVisualStudioVersion = 10.0.40219.1
Project("{FAE04EC0-301F-11D3-BF4B-00C04F79EFBC}") = "OrderManagementSystem", "OrderManagementSystem.csproj", "{C60453B6-8A4A-4849-BC84-EE5A8E1391B1}"
EndProject
Project("{FAE04EC0-301F-11D3-BF4B-00C04F79EFBC}") = "OrderManagementSystemTest", "..\OrderManagementSystemTest\OrderManagementSystemTest.csproj", "{4C73B6B3-752E-4CCF-AE65-BD88A06688EA}"
EndProject
Global
	GlobalSection(SolutionConfigurationPlatforms) = preSolution
		Debug|Any CPU = Debug|Any CPU
		Release|Any CPU = Release|Any CPU
	EndGlobalSection
	GlobalSection(ProjectConfigurationPlatforms) = postSolution
		{C60453B6-8A4A-4849-BC84-EE5A8E1391B1}.Debug|Any CPU.ActiveCfg = Debug|Any CPU
		{C60453B6-8A4A-4849-BC84-EE5A8E1391B1}.Debug|Any CPU.Build.0 = Debug|Any CPU
		{C60453B6-8A4A-4849-BC84-EE5A8E1391B1}.Release|Any CPU.ActiveCfg = Release|Any CPU
		{C60453B6-8A4A-4849-BC84-EE5A8E1391B1}.Release|Any CPU.Build.0 = Release|Any CPU
		{4C73B6B3-752E-4CCF-AE65-BD88A06688EA}.Debug|Any CPU.ActiveCfg = Debug|Any CPU
		{4C73B6B3-752E-4CCF-AE65-BD88A06688EA}.Debug|Any CPU.Build.0 = Debug|Any CPU
		{4C73B6B3-752E-4CCF-AE65-BD88A06688EA}.Release|Any CPU.ActiveCfg = Release|Any CPU
		{4C73B6B3-752E-4CCF-AE65-BD88A06688EA}.Release|Any CPU.Build.0 = Release|Any CPU
	EndGlobalSection
	GlobalSection(SolutionProperties) = preSolution
		HideSolutionNode = FALSE
	EndGlobalSection
	GlobalSection(ExtensibilityGlobals) = postSolution
		SolutionGuid = {A28AB034-A5A1-4C3F-9F63-36D15D9F6AFC}
	EndGlobalSection
EndGlobal
