Microsoft Visual Studio Solution File, Format Version 12.00
# Visual Studio Version 17
VisualStudioVersion = 17.5.2.0
MinimumVisualStudioVersion = 10.0.40219.1
Project("{FAE04EC0-301F-11D3-BF4B-00C04F79EFBC}") = "CalculatorApp", "CalculatorApp.csproj", "{6298CF73-AFB2-60A7-D96B-F2753D5B812D}"
EndProject
Global
	GlobalSection(SolutionConfigurationPlatforms) = preSolution
		Debug|Any CPU = Debug|Any CPU
		Release|Any CPU = Release|Any CPU
	EndGlobalSection
	GlobalSection(ProjectConfigurationPlatforms) = postSolution
		{6298CF73-AFB2-60A7-D96B-F2753D5B812D}.Debug|Any CPU.ActiveCfg = Debug|Any CPU
		{6298CF73-AFB2-60A7-D96B-F2753D5B812D}.Debug|Any CPU.Build.0 = Debug|Any CPU
		{6298CF73-AFB2-60A7-D96B-F2753D5B812D}.Release|Any CPU.ActiveCfg = Release|Any CPU
		{6298CF73-AFB2-60A7-D96B-F2753D5B812D}.Release|Any CPU.Build.0 = Release|Any CPU
	EndGlobalSection
	GlobalSection(SolutionProperties) = preSolution
		HideSolutionNode = FALSE
	EndGlobalSection
	GlobalSection(ExtensibilityGlobals) = postSolution
		SolutionGuid = {3AE0F38A-2DA3-41A9-9498-7A89F0A8F858}
	EndGlobalSection
EndGlobal
